
Microsoft Visual Studio Solution File, Format Version 12.00
# Visual Studio Version 16
VisualStudioVersion = 16.0.31424.327
MinimumVisualStudioVersion = 10.0.40219.1
Project("{FAE04EC0-301F-11D3-BF4B-00C04F79EFBC}") = "MercadoLibre", "MercadoLibre\MercadoLibre.csproj", "{1266AD98-88E7-4FB0-8B78-1CFC0DB193F7}"
EndProject
Project("{FAE04EC0-301F-11D3-BF4B-00C04F79EFBC}") = "Automatiza", "Automatiza\Automatiza.csproj", "{A1658B80-AA29-48A9-8CF5-2CBD6F7302D1}"
EndProject
Project("{FAE04EC0-301F-11D3-BF4B-00C04F79EFBC}") = "CleanData", "CleanData\CleanData.csproj", "{88CC4ADB-558B-4B44-8EC6-E9A09F7B352A}"
EndProject
Global
	GlobalSection(SolutionConfigurationPlatforms) = preSolution
		Debug|Any CPU = Debug|Any CPU
		Release|Any CPU = Release|Any CPU
	EndGlobalSection
	GlobalSection(ProjectConfigurationPlatforms) = postSolution
		{1266AD98-88E7-4FB0-8B78-1CFC0DB193F7}.Debug|Any CPU.ActiveCfg = Debug|Any CPU
		{1266AD98-88E7-4FB0-8B78-1CFC0DB193F7}.Debug|Any CPU.Build.0 = Debug|Any CPU
		{1266AD98-88E7-4FB0-8B78-1CFC0DB193F7}.Release|Any CPU.ActiveCfg = Release|Any CPU
		{1266AD98-88E7-4FB0-8B78-1CFC0DB193F7}.Release|Any CPU.Build.0 = Release|Any CPU
		{A1658B80-AA29-48A9-8CF5-2CBD6F7302D1}.Debug|Any CPU.ActiveCfg = Debug|Any CPU
		{A1658B80-AA29-48A9-8CF5-2CBD6F7302D1}.Debug|Any CPU.Build.0 = Debug|Any CPU
		{A1658B80-AA29-48A9-8CF5-2CBD6F7302D1}.Release|Any CPU.ActiveCfg = Release|Any CPU
		{A1658B80-AA29-48A9-8CF5-2CBD6F7302D1}.Release|Any CPU.Build.0 = Release|Any CPU
		{88CC4ADB-558B-4B44-8EC6-E9A09F7B352A}.Debug|Any CPU.ActiveCfg = Debug|Any CPU
		{88CC4ADB-558B-4B44-8EC6-E9A09F7B352A}.Debug|Any CPU.Build.0 = Debug|Any CPU
		{88CC4ADB-558B-4B44-8EC6-E9A09F7B352A}.Release|Any CPU.ActiveCfg = Release|Any CPU
		{88CC4ADB-558B-4B44-8EC6-E9A09F7B352A}.Release|Any CPU.Build.0 = Release|Any CPU
	EndGlobalSection
	GlobalSection(SolutionProperties) = preSolution
		HideSolutionNode = FALSE
	EndGlobalSection
	GlobalSection(ExtensibilityGlobals) = postSolution
		SolutionGuid = {20E5A569-4BAA-46B6-BBF2-BA0436368A7A}
	EndGlobalSection
EndGlobal
